// !$*UTF8*$!
{
	archiveVersion = 1;
	classes = {
	};
	objectVersion = 46;
	objects = {

/* Begin PBXBuildFile section */
		00E356F31AD99517003FC87E /* KitaplikAppTests.m in Sources */ = {isa = PBXBuildFile; fileRef = 00E356F21AD99517003FC87E /* KitaplikAppTests.m */; };
		037A6D356C614A2DBEF041CD /* Montserrat-Black.ttf in Resources */ = {isa = PBXBuildFile; fileRef = 65179C71863B4803A65267EE /* Montserrat-Black.ttf */; };
		055FE60F243A067A00A7B2E1 /* GoogleService-Info.plist in Resources */ = {isa = PBXBuildFile; fileRef = 055FE60E243A067A00A7B2E1 /* GoogleService-Info.plist */; };
		0639589C56D64BA1ADD15980 /* Montserrat-BlackItalic.ttf in Resources */ = {isa = PBXBuildFile; fileRef = 1F73692D389944F696BDFCA4 /* Montserrat-BlackItalic.ttf */; };
		0C0BF94CDA8F4253892DEFFC /* FontAwesome5_Solid.ttf in Resources */ = {isa = PBXBuildFile; fileRef = 0A3BE8E5B8AF4C628B0383AD /* FontAwesome5_Solid.ttf */; };
		0F114336A05248C999E73765 /* Octicons.ttf in Resources */ = {isa = PBXBuildFile; fileRef = 13EE1E38225C4F8B8B4A4B9C /* Octicons.ttf */; };
		13B07FBC1A68108700A75B9A /* AppDelegate.m in Sources */ = {isa = PBXBuildFile; fileRef = 13B07FB01A68108700A75B9A /* AppDelegate.m */; };
		13B07FBD1A68108700A75B9A /* LaunchScreen.xib in Resources */ = {isa = PBXBuildFile; fileRef = 13B07FB11A68108700A75B9A /* LaunchScreen.xib */; };
		13B07FBF1A68108700A75B9A /* Images.xcassets in Resources */ = {isa = PBXBuildFile; fileRef = 13B07FB51A68108700A75B9A /* Images.xcassets */; };
		13B07FC11A68108700A75B9A /* main.m in Sources */ = {isa = PBXBuildFile; fileRef = 13B07FB71A68108700A75B9A /* main.m */; };
		14AB42C635F0423AAEE1D4F3 /* Roboto-Light.ttf in Resources */ = {isa = PBXBuildFile; fileRef = F1950ED29FD54D76B66AC1A9 /* Roboto-Light.ttf */; };
		1C23C2363EE54B85AB73659A /* Montserrat-MediumItalic.ttf in Resources */ = {isa = PBXBuildFile; fileRef = 71DBD33750E441AFB6E40DFC /* Montserrat-MediumItalic.ttf */; };
		20E1694CD3F4473D8D5E1F8A /* MaterialIcons.ttf in Resources */ = {isa = PBXBuildFile; fileRef = 7E68280DF61F4AB3ADC1475D /* MaterialIcons.ttf */; };
		2339CB4945694F1399EC8B43 /* Lora-Regular.ttf in Resources */ = {isa = PBXBuildFile; fileRef = 38D54FD4654F4E9886C8063F /* Lora-Regular.ttf */; };
		243E440E4D894D31B02FA329 /* Feather.ttf in Resources */ = {isa = PBXBuildFile; fileRef = 3B8201655CBD47EB827C398F /* Feather.ttf */; };
		2BE4143BF7F043B392362F8A /* Montserrat-ExtraLight.ttf in Resources */ = {isa = PBXBuildFile; fileRef = 848C983850C747DBBC380F2B /* Montserrat-ExtraLight.ttf */; };
		2C3179F54F8149C98E8D8B1C /* SimpleLineIcons.ttf in Resources */ = {isa = PBXBuildFile; fileRef = 56D2D1C75BD14D2D9A292E57 /* SimpleLineIcons.ttf */; };
		2D773EC26CD140669AC823BF /* Ionicons.ttf in Resources */ = {isa = PBXBuildFile; fileRef = A5742091F3824F7689F0F8D0 /* Ionicons.ttf */; };
		2FF41C28008E45A28407931F /* Zocial.ttf in Resources */ = {isa = PBXBuildFile; fileRef = 5B34C3AE2200464FA92DEE70 /* Zocial.ttf */; };
		366073C950C1402FA7A57494 /* Lora-Medium.ttf in Resources */ = {isa = PBXBuildFile; fileRef = 6BA74EFAA2C04A1D80338A55 /* Lora-Medium.ttf */; };
		39356163967C4E9DA0C2136D /* EvilIcons.ttf in Resources */ = {isa = PBXBuildFile; fileRef = D0911CFA311244C29E79DC63 /* EvilIcons.ttf */; };
		3A0CE93E7CA34CC9ACF06D82 /* Roboto-Medium.ttf in Resources */ = {isa = PBXBuildFile; fileRef = 872531A4141941F5B620973C /* Roboto-Medium.ttf */; };
		3B56076F9D83465CB9B0B40B /* Roboto-LightItalic.ttf in Resources */ = {isa = PBXBuildFile; fileRef = EFEC611AABC94009B610595F /* Roboto-LightItalic.ttf */; };
		3B82C6359E1E490BA20A342F /* Montserrat-ExtraLightItalic.ttf in Resources */ = {isa = PBXBuildFile; fileRef = F54C262C77104FD2858041B0 /* Montserrat-ExtraLightItalic.ttf */; };
		3F30089383BF4551B6466CA1 /* Montserrat-Thin.ttf in Resources */ = {isa = PBXBuildFile; fileRef = D9BF3A1C9D8844B3B1273A7B /* Montserrat-Thin.ttf */; };
		42652932AF5B4D66AA9B4A26 /* FontAwesome5_Brands.ttf in Resources */ = {isa = PBXBuildFile; fileRef = 258B51130B9843D196C2F467 /* FontAwesome5_Brands.ttf */; };
		42782F644B5549EFA4F4817E /* Roboto-BoldItalic.ttf in Resources */ = {isa = PBXBuildFile; fileRef = 4DF2A2A0644F4C11A86FCFC0 /* Roboto-BoldItalic.ttf */; };
		4B749855843A41FF83E73A0F /* Roboto-Regular.ttf in Resources */ = {isa = PBXBuildFile; fileRef = B8C57779C89648EA9B2E9D29 /* Roboto-Regular.ttf */; };
		4C2075F74C154CAD946D4CE3 /* Montserrat-BoldItalic.ttf in Resources */ = {isa = PBXBuildFile; fileRef = B0F0BAE388374A5BA3C83601 /* Montserrat-BoldItalic.ttf */; };
		60BF88623B804F24B3BBAB7C /* Roboto-BlackItalic.ttf in Resources */ = {isa = PBXBuildFile; fileRef = A066C37EFE434B3686733E20 /* Roboto-BlackItalic.ttf */; };
		659333C6DEB34846AD811D32 /* MaterialCommunityIcons.ttf in Resources */ = {isa = PBXBuildFile; fileRef = AB6BF677B39C4B39BC66EDA1 /* MaterialCommunityIcons.ttf */; };
		69F99A8E50F84292883FB642 /* Montserrat-Italic.ttf in Resources */ = {isa = PBXBuildFile; fileRef = AD314CEA757B4160AC384650 /* Montserrat-Italic.ttf */; };
		6B0D55EB7F644A32BB5ABE4E /* Roboto.ttf in Resources */ = {isa = PBXBuildFile; fileRef = 40392B0B632C4C3D8B254CA2 /* Roboto.ttf */; };
		6D8A08539098469FB8D87189 /* Raleway-Thin.ttf in Resources */ = {isa = PBXBuildFile; fileRef = F71C7A245711428F9D823828 /* Raleway-Thin.ttf */; };
		6E4782CD787D4A3B9D028653 /* Roboto-Thin.ttf in Resources */ = {isa = PBXBuildFile; fileRef = 02071484C49C425FB3393448 /* Roboto-Thin.ttf */; };
		7C7A71FF49ED49758D4ACE43 /* Roboto-Italic.ttf in Resources */ = {isa = PBXBuildFile; fileRef = 8061E44F44854281975FAEF3 /* Roboto-Italic.ttf */; };
		863C1AF5F6C64E4AAA1B93CA /* rubicon-icon-font.ttf in Resources */ = {isa = PBXBuildFile; fileRef = 30CE9D06B9C5497AA58EE970 /* rubicon-icon-font.ttf */; };
		89966A39944544A0896914ED /* Roboto-MediumItalic.ttf in Resources */ = {isa = PBXBuildFile; fileRef = EAD00610B1D34318AB6DBC95 /* Roboto-MediumItalic.ttf */; };
		900B920870BF45EC8902A108 /* Roboto-Black.ttf in Resources */ = {isa = PBXBuildFile; fileRef = 61413695275F4FD0B40B54C9 /* Roboto-Black.ttf */; };
		90C52F3674D047BA80FF1A4B /* Raleway-Regular.ttf in Resources */ = {isa = PBXBuildFile; fileRef = 68265AEA201D4CA7886761FA /* Raleway-Regular.ttf */; };
		92B1F57E52114B59A0010B1C /* Montserrat-Light.ttf in Resources */ = {isa = PBXBuildFile; fileRef = AF6AD2EBB81A40D8B07B18CA /* Montserrat-Light.ttf */; };
		951200F45BFD4E2BAB91F3F4 /* Montserrat-Medium.ttf in Resources */ = {isa = PBXBuildFile; fileRef = 043550C6E1E243109AFFAC4C /* Montserrat-Medium.ttf */; };
		A07C84F624A84984A84FE527 /* Roboto-ThinItalic.ttf in Resources */ = {isa = PBXBuildFile; fileRef = 13D16239CFE045F59D683B63 /* Roboto-ThinItalic.ttf */; };
		A6BC9D7E1A62447EA3CF536E /* Montserrat-LightItalic.ttf in Resources */ = {isa = PBXBuildFile; fileRef = 04AB0C2A0A1E43D5B94D89C7 /* Montserrat-LightItalic.ttf */; };
		A742B27786B143B599B67599 /* Lato-Thin.ttf in Resources */ = {isa = PBXBuildFile; fileRef = 648FD9D73554485B80654F29 /* Lato-Thin.ttf */; };
		ABADFF74E7B2468E888511DA /* Montserrat-SemiBoldItalic.ttf in Resources */ = {isa = PBXBuildFile; fileRef = 1ED16E9B88304E78A60B7A9A /* Montserrat-SemiBoldItalic.ttf */; };
		AD040E8644FF40D09E74CF79 /* Lora-SemiBold.ttf in Resources */ = {isa = PBXBuildFile; fileRef = 7CCC90864F72405993E12A9C /* Lora-SemiBold.ttf */; };
		B6810AF9610D4FD1B251F608 /* Montserrat-ExtraBoldItalic.ttf in Resources */ = {isa = PBXBuildFile; fileRef = 7C0EF7BD665A434CB059AEB0 /* Montserrat-ExtraBoldItalic.ttf */; };
		B80600F1CD6849958AEE2077 /* Entypo.ttf in Resources */ = {isa = PBXBuildFile; fileRef = E00B849E0DCF40928D8F8B79 /* Entypo.ttf */; };
		B807392ABE43497CB17B5185 /* Raleway-Bold.ttf in Resources */ = {isa = PBXBuildFile; fileRef = 91B1008FF6B846208F84AF22 /* Raleway-Bold.ttf */; };
		BBE0304E89D64705B34DA842 /* FontAwesome.ttf in Resources */ = {isa = PBXBuildFile; fileRef = 6F25DAADF38B457A9DF07629 /* FontAwesome.ttf */; };
		BC325C54DB424DB3AF4C9F20 /* Montserrat-Regular.ttf in Resources */ = {isa = PBXBuildFile; fileRef = 20F5E83F42CF41FD88EB3DC1 /* Montserrat-Regular.ttf */; };
		C14FE191CA4C476C8F886AC1 /* Raleway-Light.ttf in Resources */ = {isa = PBXBuildFile; fileRef = AA0F457272DB4BE8BDE491E7 /* Raleway-Light.ttf */; };
		C4E4832624994D5092E1827E /* Montserrat-Bold.ttf in Resources */ = {isa = PBXBuildFile; fileRef = 74FDED92D35749979FC7A181 /* Montserrat-Bold.ttf */; };
		C566B55684BF463B870738E6 /* Lato-Regular.ttf in Resources */ = {isa = PBXBuildFile; fileRef = 9945A541FCA849A9A67F6D02 /* Lato-Regular.ttf */; };
		DA66F71F6D03400AA7135F27 /* Lato-Bold.ttf in Resources */ = {isa = PBXBuildFile; fileRef = D5CAF33C544D4B33816004AD /* Lato-Bold.ttf */; };
		DD6F03EEC58F4BD9B7F1280C /* Andada-Regular.ttf in Resources */ = {isa = PBXBuildFile; fileRef = 3011F8AB2D24482BBCC5605D /* Andada-Regular.ttf */; };
		DFD39132FAAC4AC4877E2465 /* Foundation.ttf in Resources */ = {isa = PBXBuildFile; fileRef = 74FAC595BE19483CA8D4CC0F /* Foundation.ttf */; };
		E0A12DE8863C4EDE9737B6A8 /* Raleway-Medium.ttf in Resources */ = {isa = PBXBuildFile; fileRef = 463652E3590A4072B29D629C /* Raleway-Medium.ttf */; };
		E510B2490A9140A4A7956014 /* Lora-Bold.ttf in Resources */ = {isa = PBXBuildFile; fileRef = 771027E67CC24991A1D31E99 /* Lora-Bold.ttf */; };
		E84B7155A0E0438AACBBAA8B /* Roboto_medium.ttf in Resources */ = {isa = PBXBuildFile; fileRef = 627599E62E1949A583C5F2AA /* Roboto_medium.ttf */; };
		F31D73F88842BA7ECB16A696 /* libPods-KitaplikApp-KitaplikAppTests.a in Frameworks */ = {isa = PBXBuildFile; fileRef = 22A90B70EBEC5512E290E48C /* libPods-KitaplikApp-KitaplikAppTests.a */; };
		F5EF0BEA8EAE46DF9D6CE8E9 /* Raleway-SemiBold.ttf in Resources */ = {isa = PBXBuildFile; fileRef = CD835D39CC5342C7B51E45BB /* Raleway-SemiBold.ttf */; };
		FA40529652974D3FB1CD4725 /* FontAwesome5_Regular.ttf in Resources */ = {isa = PBXBuildFile; fileRef = FAE12E06AFA349C59C43F93A /* FontAwesome5_Regular.ttf */; };
		FA67D279AE8B8DCC0E9190C2 /* libPods-KitaplikApp.a in Frameworks */ = {isa = PBXBuildFile; fileRef = 98A85F5014EA9C4552CCF0E7 /* libPods-KitaplikApp.a */; };
		FC55C62B4FCA42D7A156BF87 /* Montserrat-ExtraBold.ttf in Resources */ = {isa = PBXBuildFile; fileRef = 40DF3556ED9B4B6A810D7882 /* Montserrat-ExtraBold.ttf */; };
		FCF03D882D4B425CA909AB25 /* Montserrat-SemiBold.ttf in Resources */ = {isa = PBXBuildFile; fileRef = CFE259C8F07644ABAFDD4B46 /* Montserrat-SemiBold.ttf */; };
		FE04B6C0CC9D40D49DA4CA82 /* Roboto-Bold.ttf in Resources */ = {isa = PBXBuildFile; fileRef = 99B7CB47A22A43158B65D11A /* Roboto-Bold.ttf */; };
		FE7F1727ABCC494BAAE807F1 /* Montserrat-ThinItalic.ttf in Resources */ = {isa = PBXBuildFile; fileRef = 9A59E055E8E94AFBB6ADA54F /* Montserrat-ThinItalic.ttf */; };
		FEA4ADF7E3E845D5A45575A8 /* Fontisto.ttf in Resources */ = {isa = PBXBuildFile; fileRef = DBDE6DB60C724754B80CB23F /* Fontisto.ttf */; };
		FFCEFF726640491592083508 /* AntDesign.ttf in Resources */ = {isa = PBXBuildFile; fileRef = 10FDC04E42BF478EA7C0FBD5 /* AntDesign.ttf */; };
/* End PBXBuildFile section */

/* Begin PBXContainerItemProxy section */
		00E356F41AD99517003FC87E /* PBXContainerItemProxy */ = {
			isa = PBXContainerItemProxy;
			containerPortal = 83CBB9F71A601CBA00E9B192 /* Project object */;
			proxyType = 1;
			remoteGlobalIDString = 13B07F861A680F5B00A75B9A;
			remoteInfo = KitaplikApp;
		};
/* End PBXContainerItemProxy section */

/* Begin PBXFileReference section */
		008F07F21AC5B25A0029DE68 /* main.jsbundle */ = {isa = PBXFileReference; fileEncoding = 4; lastKnownFileType = text; path = main.jsbundle; sourceTree = "<group>"; };
		00E356EE1AD99517003FC87E /* KitaplikAppTests.xctest */ = {isa = PBXFileReference; explicitFileType = wrapper.cfbundle; includeInIndex = 0; path = KitaplikAppTests.xctest; sourceTree = BUILT_PRODUCTS_DIR; };
		00E356F11AD99517003FC87E /* Info.plist */ = {isa = PBXFileReference; lastKnownFileType = text.plist.xml; path = Info.plist; sourceTree = "<group>"; };
		00E356F21AD99517003FC87E /* KitaplikAppTests.m */ = {isa = PBXFileReference; lastKnownFileType = sourcecode.c.objc; path = KitaplikAppTests.m; sourceTree = "<group>"; };
		02071484C49C425FB3393448 /* Roboto-Thin.ttf */ = {isa = PBXFileReference; explicitFileType = undefined; fileEncoding = 9; includeInIndex = 0; lastKnownFileType = unknown; name = "Roboto-Thin.ttf"; path = "../src/assets/fonts/Roboto-Thin.ttf"; sourceTree = "<group>"; };
		043550C6E1E243109AFFAC4C /* Montserrat-Medium.ttf */ = {isa = PBXFileReference; explicitFileType = undefined; fileEncoding = 9; includeInIndex = 0; lastKnownFileType = unknown; name = "Montserrat-Medium.ttf"; path = "../src/assets/fonts/Montserrat-Medium.ttf"; sourceTree = "<group>"; };
		04AB0C2A0A1E43D5B94D89C7 /* Montserrat-LightItalic.ttf */ = {isa = PBXFileReference; explicitFileType = undefined; fileEncoding = 9; includeInIndex = 0; lastKnownFileType = unknown; name = "Montserrat-LightItalic.ttf"; path = "../src/assets/fonts/Montserrat-LightItalic.ttf"; sourceTree = "<group>"; };
		055FE60E243A067A00A7B2E1 /* GoogleService-Info.plist */ = {isa = PBXFileReference; fileEncoding = 4; lastKnownFileType = text.plist.xml; path = "GoogleService-Info.plist"; sourceTree = "<group>"; };
		055FE66C243A44DC00A7B2E1 /* LICENSE.txt */ = {isa = PBXFileReference; lastKnownFileType = text; name = LICENSE.txt; path = resorces/LICENSE.txt; sourceTree = "<group>"; };
		098FDD8B49E3732D4C022475 /* Pods-KitaplikApp-tvOSTests.debug.xcconfig */ = {isa = PBXFileReference; includeInIndex = 1; lastKnownFileType = text.xcconfig; name = "Pods-KitaplikApp-tvOSTests.debug.xcconfig"; path = "Target Support Files/Pods-KitaplikApp-tvOSTests/Pods-KitaplikApp-tvOSTests.debug.xcconfig"; sourceTree = "<group>"; };
		0A3BE8E5B8AF4C628B0383AD /* FontAwesome5_Solid.ttf */ = {isa = PBXFileReference; explicitFileType = undefined; fileEncoding = 9; includeInIndex = 0; lastKnownFileType = unknown; name = FontAwesome5_Solid.ttf; path = "../node_modules/native-base/Fonts/FontAwesome5_Solid.ttf"; sourceTree = "<group>"; };
		10FDC04E42BF478EA7C0FBD5 /* AntDesign.ttf */ = {isa = PBXFileReference; explicitFileType = undefined; fileEncoding = 9; includeInIndex = 0; lastKnownFileType = unknown; name = AntDesign.ttf; path = "../node_modules/native-base/Fonts/AntDesign.ttf"; sourceTree = "<group>"; };
		13B07F961A680F5B00A75B9A /* KitaplikApp.app */ = {isa = PBXFileReference; explicitFileType = wrapper.application; includeInIndex = 0; path = KitaplikApp.app; sourceTree = BUILT_PRODUCTS_DIR; };
		13B07FAF1A68108700A75B9A /* AppDelegate.h */ = {isa = PBXFileReference; fileEncoding = 4; lastKnownFileType = sourcecode.c.h; name = AppDelegate.h; path = KitaplikApp/AppDelegate.h; sourceTree = "<group>"; };
		13B07FB01A68108700A75B9A /* AppDelegate.m */ = {isa = PBXFileReference; fileEncoding = 4; lastKnownFileType = sourcecode.c.objc; name = AppDelegate.m; path = KitaplikApp/AppDelegate.m; sourceTree = "<group>"; };
		13B07FB21A68108700A75B9A /* Base */ = {isa = PBXFileReference; lastKnownFileType = file.xib; name = Base; path = Base.lproj/LaunchScreen.xib; sourceTree = "<group>"; };
		13B07FB51A68108700A75B9A /* Images.xcassets */ = {isa = PBXFileReference; lastKnownFileType = folder.assetcatalog; name = Images.xcassets; path = KitaplikApp/Images.xcassets; sourceTree = "<group>"; };
		13B07FB61A68108700A75B9A /* Info.plist */ = {isa = PBXFileReference; fileEncoding = 4; lastKnownFileType = text.plist.xml; name = Info.plist; path = KitaplikApp/Info.plist; sourceTree = "<group>"; };
		13B07FB71A68108700A75B9A /* main.m */ = {isa = PBXFileReference; fileEncoding = 4; lastKnownFileType = sourcecode.c.objc; name = main.m; path = KitaplikApp/main.m; sourceTree = "<group>"; };
		13D16239CFE045F59D683B63 /* Roboto-ThinItalic.ttf */ = {isa = PBXFileReference; explicitFileType = undefined; fileEncoding = 9; includeInIndex = 0; lastKnownFileType = unknown; name = "Roboto-ThinItalic.ttf"; path = "../src/assets/fonts/Roboto-ThinItalic.ttf"; sourceTree = "<group>"; };
		13EE1E38225C4F8B8B4A4B9C /* Octicons.ttf */ = {isa = PBXFileReference; explicitFileType = undefined; fileEncoding = 9; includeInIndex = 0; lastKnownFileType = unknown; name = Octicons.ttf; path = "../node_modules/native-base/Fonts/Octicons.ttf"; sourceTree = "<group>"; };
		140C433513712DBEB06AACC4 /* libPods-KitaplikApp-tvOS.a */ = {isa = PBXFileReference; explicitFileType = archive.ar; includeInIndex = 0; path = "libPods-KitaplikApp-tvOS.a"; sourceTree = BUILT_PRODUCTS_DIR; };
		1ED16E9B88304E78A60B7A9A /* Montserrat-SemiBoldItalic.ttf */ = {isa = PBXFileReference; explicitFileType = undefined; fileEncoding = 9; includeInIndex = 0; lastKnownFileType = unknown; name = "Montserrat-SemiBoldItalic.ttf"; path = "../src/assets/fonts/Montserrat-SemiBoldItalic.ttf"; sourceTree = "<group>"; };
		1F73692D389944F696BDFCA4 /* Montserrat-BlackItalic.ttf */ = {isa = PBXFileReference; explicitFileType = undefined; fileEncoding = 9; includeInIndex = 0; lastKnownFileType = unknown; name = "Montserrat-BlackItalic.ttf"; path = "../src/assets/fonts/Montserrat-BlackItalic.ttf"; sourceTree = "<group>"; };
		20F5E83F42CF41FD88EB3DC1 /* Montserrat-Regular.ttf */ = {isa = PBXFileReference; explicitFileType = undefined; fileEncoding = 9; includeInIndex = 0; lastKnownFileType = unknown; name = "Montserrat-Regular.ttf"; path = "../src/assets/fonts/Montserrat-Regular.ttf"; sourceTree = "<group>"; };
		22A90B70EBEC5512E290E48C /* libPods-KitaplikApp-KitaplikAppTests.a */ = {isa = PBXFileReference; explicitFileType = archive.ar; includeInIndex = 0; path = "libPods-KitaplikApp-KitaplikAppTests.a"; sourceTree = BUILT_PRODUCTS_DIR; };
		258B51130B9843D196C2F467 /* FontAwesome5_Brands.ttf */ = {isa = PBXFileReference; explicitFileType = undefined; fileEncoding = 9; includeInIndex = 0; lastKnownFileType = unknown; name = FontAwesome5_Brands.ttf; path = "../node_modules/native-base/Fonts/FontAwesome5_Brands.ttf"; sourceTree = "<group>"; };
		3011F8AB2D24482BBCC5605D /* Andada-Regular.ttf */ = {isa = PBXFileReference; explicitFileType = undefined; fileEncoding = 9; includeInIndex = 0; lastKnownFileType = unknown; name = "Andada-Regular.ttf"; path = "../src/assets/fonts/Andada-Regular.ttf"; sourceTree = "<group>"; };
		30CE9D06B9C5497AA58EE970 /* rubicon-icon-font.ttf */ = {isa = PBXFileReference; explicitFileType = undefined; fileEncoding = 9; includeInIndex = 0; lastKnownFileType = unknown; name = "rubicon-icon-font.ttf"; path = "../node_modules/native-base/Fonts/rubicon-icon-font.ttf"; sourceTree = "<group>"; };
		37CF0EEFFC1CBBC34728BC83 /* Pods-KitaplikApp-KitaplikAppTests.debug.xcconfig */ = {isa = PBXFileReference; includeInIndex = 1; lastKnownFileType = text.xcconfig; name = "Pods-KitaplikApp-KitaplikAppTests.debug.xcconfig"; path = "Target Support Files/Pods-KitaplikApp-KitaplikAppTests/Pods-KitaplikApp-KitaplikAppTests.debug.xcconfig"; sourceTree = "<group>"; };
		38D54FD4654F4E9886C8063F /* Lora-Regular.ttf */ = {isa = PBXFileReference; explicitFileType = undefined; fileEncoding = 9; includeInIndex = 0; lastKnownFileType = unknown; name = "Lora-Regular.ttf"; path = "../src/assets/fonts/Lora-Regular.ttf"; sourceTree = "<group>"; };
		3B8201655CBD47EB827C398F /* Feather.ttf */ = {isa = PBXFileReference; explicitFileType = undefined; fileEncoding = 9; includeInIndex = 0; lastKnownFileType = unknown; name = Feather.ttf; path = "../node_modules/native-base/Fonts/Feather.ttf"; sourceTree = "<group>"; };
		3B933C499A26E530E4B8F0DF /* Pods-KitaplikApp-tvOS.release.xcconfig */ = {isa = PBXFileReference; includeInIndex = 1; lastKnownFileType = text.xcconfig; name = "Pods-KitaplikApp-tvOS.release.xcconfig"; path = "Target Support Files/Pods-KitaplikApp-tvOS/Pods-KitaplikApp-tvOS.release.xcconfig"; sourceTree = "<group>"; };
		40392B0B632C4C3D8B254CA2 /* Roboto.ttf */ = {isa = PBXFileReference; explicitFileType = undefined; fileEncoding = 9; includeInIndex = 0; lastKnownFileType = unknown; name = Roboto.ttf; path = "../node_modules/native-base/Fonts/Roboto.ttf"; sourceTree = "<group>"; };
		40DF3556ED9B4B6A810D7882 /* Montserrat-ExtraBold.ttf */ = {isa = PBXFileReference; explicitFileType = undefined; fileEncoding = 9; includeInIndex = 0; lastKnownFileType = unknown; name = "Montserrat-ExtraBold.ttf"; path = "../src/assets/fonts/Montserrat-ExtraBold.ttf"; sourceTree = "<group>"; };
		463652E3590A4072B29D629C /* Raleway-Medium.ttf */ = {isa = PBXFileReference; explicitFileType = undefined; fileEncoding = 9; includeInIndex = 0; lastKnownFileType = unknown; name = "Raleway-Medium.ttf"; path = "../src/assets/fonts/Raleway-Medium.ttf"; sourceTree = "<group>"; };
		4DF2A2A0644F4C11A86FCFC0 /* Roboto-BoldItalic.ttf */ = {isa = PBXFileReference; explicitFileType = undefined; fileEncoding = 9; includeInIndex = 0; lastKnownFileType = unknown; name = "Roboto-BoldItalic.ttf"; path = "../src/assets/fonts/Roboto-BoldItalic.ttf"; sourceTree = "<group>"; };
		516695DEBA8EE0CE523B711F /* Pods-KitaplikApp-KitaplikAppTests.release.xcconfig */ = {isa = PBXFileReference; includeInIndex = 1; lastKnownFileType = text.xcconfig; name = "Pods-KitaplikApp-KitaplikAppTests.release.xcconfig"; path = "Target Support Files/Pods-KitaplikApp-KitaplikAppTests/Pods-KitaplikApp-KitaplikAppTests.release.xcconfig"; sourceTree = "<group>"; };
		56D2D1C75BD14D2D9A292E57 /* SimpleLineIcons.ttf */ = {isa = PBXFileReference; explicitFileType = undefined; fileEncoding = 9; includeInIndex = 0; lastKnownFileType = unknown; name = SimpleLineIcons.ttf; path = "../node_modules/native-base/Fonts/SimpleLineIcons.ttf"; sourceTree = "<group>"; };
		5B34C3AE2200464FA92DEE70 /* Zocial.ttf */ = {isa = PBXFileReference; explicitFileType = undefined; fileEncoding = 9; includeInIndex = 0; lastKnownFileType = unknown; name = Zocial.ttf; path = "../node_modules/native-base/Fonts/Zocial.ttf"; sourceTree = "<group>"; };
		61413695275F4FD0B40B54C9 /* Roboto-Black.ttf */ = {isa = PBXFileReference; explicitFileType = undefined; fileEncoding = 9; includeInIndex = 0; lastKnownFileType = unknown; name = "Roboto-Black.ttf"; path = "../src/assets/fonts/Roboto-Black.ttf"; sourceTree = "<group>"; };
		627599E62E1949A583C5F2AA /* Roboto_medium.ttf */ = {isa = PBXFileReference; explicitFileType = undefined; fileEncoding = 9; includeInIndex = 0; lastKnownFileType = unknown; name = Roboto_medium.ttf; path = "../node_modules/native-base/Fonts/Roboto_medium.ttf"; sourceTree = "<group>"; };
		648FD9D73554485B80654F29 /* Lato-Thin.ttf */ = {isa = PBXFileReference; explicitFileType = undefined; fileEncoding = 9; includeInIndex = 0; lastKnownFileType = unknown; name = "Lato-Thin.ttf"; path = "../src/assets/fonts/Lato-Thin.ttf"; sourceTree = "<group>"; };
		65179C71863B4803A65267EE /* Montserrat-Black.ttf */ = {isa = PBXFileReference; explicitFileType = undefined; fileEncoding = 9; includeInIndex = 0; lastKnownFileType = unknown; name = "Montserrat-Black.ttf"; path = "../src/assets/fonts/Montserrat-Black.ttf"; sourceTree = "<group>"; };
		67B4B57C3C520A9D2987ABDE /* Pods-KitaplikApp-tvOSTests.release.xcconfig */ = {isa = PBXFileReference; includeInIndex = 1; lastKnownFileType = text.xcconfig; name = "Pods-KitaplikApp-tvOSTests.release.xcconfig"; path = "Target Support Files/Pods-KitaplikApp-tvOSTests/Pods-KitaplikApp-tvOSTests.release.xcconfig"; sourceTree = "<group>"; };
		68265AEA201D4CA7886761FA /* Raleway-Regular.ttf */ = {isa = PBXFileReference; explicitFileType = undefined; fileEncoding = 9; includeInIndex = 0; lastKnownFileType = unknown; name = "Raleway-Regular.ttf"; path = "../src/assets/fonts/Raleway-Regular.ttf"; sourceTree = "<group>"; };
		6BA74EFAA2C04A1D80338A55 /* Lora-Medium.ttf */ = {isa = PBXFileReference; explicitFileType = undefined; fileEncoding = 9; includeInIndex = 0; lastKnownFileType = unknown; name = "Lora-Medium.ttf"; path = "../src/assets/fonts/Lora-Medium.ttf"; sourceTree = "<group>"; };
		6F25DAADF38B457A9DF07629 /* FontAwesome.ttf */ = {isa = PBXFileReference; explicitFileType = undefined; fileEncoding = 9; includeInIndex = 0; lastKnownFileType = unknown; name = FontAwesome.ttf; path = "../node_modules/native-base/Fonts/FontAwesome.ttf"; sourceTree = "<group>"; };
		71DBD33750E441AFB6E40DFC /* Montserrat-MediumItalic.ttf */ = {isa = PBXFileReference; explicitFileType = undefined; fileEncoding = 9; includeInIndex = 0; lastKnownFileType = unknown; name = "Montserrat-MediumItalic.ttf"; path = "../src/assets/fonts/Montserrat-MediumItalic.ttf"; sourceTree = "<group>"; };
		74FAC595BE19483CA8D4CC0F /* Foundation.ttf */ = {isa = PBXFileReference; explicitFileType = undefined; fileEncoding = 9; includeInIndex = 0; lastKnownFileType = unknown; name = Foundation.ttf; path = "../node_modules/native-base/Fonts/Foundation.ttf"; sourceTree = "<group>"; };
		74FDED92D35749979FC7A181 /* Montserrat-Bold.ttf */ = {isa = PBXFileReference; explicitFileType = undefined; fileEncoding = 9; includeInIndex = 0; lastKnownFileType = unknown; name = "Montserrat-Bold.ttf"; path = "../src/assets/fonts/Montserrat-Bold.ttf"; sourceTree = "<group>"; };
		771027E67CC24991A1D31E99 /* Lora-Bold.ttf */ = {isa = PBXFileReference; explicitFileType = undefined; fileEncoding = 9; includeInIndex = 0; lastKnownFileType = unknown; name = "Lora-Bold.ttf"; path = "../src/assets/fonts/Lora-Bold.ttf"; sourceTree = "<group>"; };
		7C0EF7BD665A434CB059AEB0 /* Montserrat-ExtraBoldItalic.ttf */ = {isa = PBXFileReference; explicitFileType = undefined; fileEncoding = 9; includeInIndex = 0; lastKnownFileType = unknown; name = "Montserrat-ExtraBoldItalic.ttf"; path = "../src/assets/fonts/Montserrat-ExtraBoldItalic.ttf"; sourceTree = "<group>"; };
		7CCC90864F72405993E12A9C /* Lora-SemiBold.ttf */ = {isa = PBXFileReference; explicitFileType = undefined; fileEncoding = 9; includeInIndex = 0; lastKnownFileType = unknown; name = "Lora-SemiBold.ttf"; path = "../src/assets/fonts/Lora-SemiBold.ttf"; sourceTree = "<group>"; };
		7E68280DF61F4AB3ADC1475D /* MaterialIcons.ttf */ = {isa = PBXFileReference; explicitFileType = undefined; fileEncoding = 9; includeInIndex = 0; lastKnownFileType = unknown; name = MaterialIcons.ttf; path = "../node_modules/native-base/Fonts/MaterialIcons.ttf"; sourceTree = "<group>"; };
		8061E44F44854281975FAEF3 /* Roboto-Italic.ttf */ = {isa = PBXFileReference; explicitFileType = undefined; fileEncoding = 9; includeInIndex = 0; lastKnownFileType = unknown; name = "Roboto-Italic.ttf"; path = "../src/assets/fonts/Roboto-Italic.ttf"; sourceTree = "<group>"; };
		848C983850C747DBBC380F2B /* Montserrat-ExtraLight.ttf */ = {isa = PBXFileReference; explicitFileType = undefined; fileEncoding = 9; includeInIndex = 0; lastKnownFileType = unknown; name = "Montserrat-ExtraLight.ttf"; path = "../src/assets/fonts/Montserrat-ExtraLight.ttf"; sourceTree = "<group>"; };
		872531A4141941F5B620973C /* Roboto-Medium.ttf */ = {isa = PBXFileReference; explicitFileType = undefined; fileEncoding = 9; includeInIndex = 0; lastKnownFileType = unknown; name = "Roboto-Medium.ttf"; path = "../src/assets/fonts/Roboto-Medium.ttf"; sourceTree = "<group>"; };
		8FAE24D60EEB9D437EAAE1B9 /* libPods-KitaplikApp-tvOSTests.a */ = {isa = PBXFileReference; explicitFileType = archive.ar; includeInIndex = 0; path = "libPods-KitaplikApp-tvOSTests.a"; sourceTree = BUILT_PRODUCTS_DIR; };
		91B1008FF6B846208F84AF22 /* Raleway-Bold.ttf */ = {isa = PBXFileReference; explicitFileType = undefined; fileEncoding = 9; includeInIndex = 0; lastKnownFileType = unknown; name = "Raleway-Bold.ttf"; path = "../src/assets/fonts/Raleway-Bold.ttf"; sourceTree = "<group>"; };
		98A85F5014EA9C4552CCF0E7 /* libPods-KitaplikApp.a */ = {isa = PBXFileReference; explicitFileType = archive.ar; includeInIndex = 0; path = "libPods-KitaplikApp.a"; sourceTree = BUILT_PRODUCTS_DIR; };
		9945A541FCA849A9A67F6D02 /* Lato-Regular.ttf */ = {isa = PBXFileReference; explicitFileType = undefined; fileEncoding = 9; includeInIndex = 0; lastKnownFileType = unknown; name = "Lato-Regular.ttf"; path = "../src/assets/fonts/Lato-Regular.ttf"; sourceTree = "<group>"; };
		99B7CB47A22A43158B65D11A /* Roboto-Bold.ttf */ = {isa = PBXFileReference; explicitFileType = undefined; fileEncoding = 9; includeInIndex = 0; lastKnownFileType = unknown; name = "Roboto-Bold.ttf"; path = "../src/assets/fonts/Roboto-Bold.ttf"; sourceTree = "<group>"; };
		9A59E055E8E94AFBB6ADA54F /* Montserrat-ThinItalic.ttf */ = {isa = PBXFileReference; explicitFileType = undefined; fileEncoding = 9; includeInIndex = 0; lastKnownFileType = unknown; name = "Montserrat-ThinItalic.ttf"; path = "../src/assets/fonts/Montserrat-ThinItalic.ttf"; sourceTree = "<group>"; };
		9E44F64A09D7B2AE94DD18A8 /* Pods-KitaplikApp.debug.xcconfig */ = {isa = PBXFileReference; includeInIndex = 1; lastKnownFileType = text.xcconfig; name = "Pods-KitaplikApp.debug.xcconfig"; path = "Target Support Files/Pods-KitaplikApp/Pods-KitaplikApp.debug.xcconfig"; sourceTree = "<group>"; };
		A066C37EFE434B3686733E20 /* Roboto-BlackItalic.ttf */ = {isa = PBXFileReference; explicitFileType = undefined; fileEncoding = 9; includeInIndex = 0; lastKnownFileType = unknown; name = "Roboto-BlackItalic.ttf"; path = "../src/assets/fonts/Roboto-BlackItalic.ttf"; sourceTree = "<group>"; };
		A5742091F3824F7689F0F8D0 /* Ionicons.ttf */ = {isa = PBXFileReference; explicitFileType = undefined; fileEncoding = 9; includeInIndex = 0; lastKnownFileType = unknown; name = Ionicons.ttf; path = "../node_modules/native-base/Fonts/Ionicons.ttf"; sourceTree = "<group>"; };
		AA0F457272DB4BE8BDE491E7 /* Raleway-Light.ttf */ = {isa = PBXFileReference; explicitFileType = undefined; fileEncoding = 9; includeInIndex = 0; lastKnownFileType = unknown; name = "Raleway-Light.ttf"; path = "../src/assets/fonts/Raleway-Light.ttf"; sourceTree = "<group>"; };
		AB6BF677B39C4B39BC66EDA1 /* MaterialCommunityIcons.ttf */ = {isa = PBXFileReference; explicitFileType = undefined; fileEncoding = 9; includeInIndex = 0; lastKnownFileType = unknown; name = MaterialCommunityIcons.ttf; path = "../node_modules/native-base/Fonts/MaterialCommunityIcons.ttf"; sourceTree = "<group>"; };
		AB9F1D479CC21EF81F6F9F52 /* Pods-KitaplikApp.release.xcconfig */ = {isa = PBXFileReference; includeInIndex = 1; lastKnownFileType = text.xcconfig; name = "Pods-KitaplikApp.release.xcconfig"; path = "Target Support Files/Pods-KitaplikApp/Pods-KitaplikApp.release.xcconfig"; sourceTree = "<group>"; };
		AD314CEA757B4160AC384650 /* Montserrat-Italic.ttf */ = {isa = PBXFileReference; explicitFileType = undefined; fileEncoding = 9; includeInIndex = 0; lastKnownFileType = unknown; name = "Montserrat-Italic.ttf"; path = "../src/assets/fonts/Montserrat-Italic.ttf"; sourceTree = "<group>"; };
		AF6AD2EBB81A40D8B07B18CA /* Montserrat-Light.ttf */ = {isa = PBXFileReference; explicitFileType = undefined; fileEncoding = 9; includeInIndex = 0; lastKnownFileType = unknown; name = "Montserrat-Light.ttf"; path = "../src/assets/fonts/Montserrat-Light.ttf"; sourceTree = "<group>"; };
		B0F0BAE388374A5BA3C83601 /* Montserrat-BoldItalic.ttf */ = {isa = PBXFileReference; explicitFileType = undefined; fileEncoding = 9; includeInIndex = 0; lastKnownFileType = unknown; name = "Montserrat-BoldItalic.ttf"; path = "../src/assets/fonts/Montserrat-BoldItalic.ttf"; sourceTree = "<group>"; };
		B8C57779C89648EA9B2E9D29 /* Roboto-Regular.ttf */ = {isa = PBXFileReference; explicitFileType = undefined; fileEncoding = 9; includeInIndex = 0; lastKnownFileType = unknown; name = "Roboto-Regular.ttf"; path = "../src/assets/fonts/Roboto-Regular.ttf"; sourceTree = "<group>"; };
		CD835D39CC5342C7B51E45BB /* Raleway-SemiBold.ttf */ = {isa = PBXFileReference; explicitFileType = undefined; fileEncoding = 9; includeInIndex = 0; lastKnownFileType = unknown; name = "Raleway-SemiBold.ttf"; path = "../src/assets/fonts/Raleway-SemiBold.ttf"; sourceTree = "<group>"; };
		CFE259C8F07644ABAFDD4B46 /* Montserrat-SemiBold.ttf */ = {isa = PBXFileReference; explicitFileType = undefined; fileEncoding = 9; includeInIndex = 0; lastKnownFileType = unknown; name = "Montserrat-SemiBold.ttf"; path = "../src/assets/fonts/Montserrat-SemiBold.ttf"; sourceTree = "<group>"; };
		D0911CFA311244C29E79DC63 /* EvilIcons.ttf */ = {isa = PBXFileReference; explicitFileType = undefined; fileEncoding = 9; includeInIndex = 0; lastKnownFileType = unknown; name = EvilIcons.ttf; path = "../node_modules/native-base/Fonts/EvilIcons.ttf"; sourceTree = "<group>"; };
		D5CAF33C544D4B33816004AD /* Lato-Bold.ttf */ = {isa = PBXFileReference; explicitFileType = undefined; fileEncoding = 9; includeInIndex = 0; lastKnownFileType = unknown; name = "Lato-Bold.ttf"; path = "../src/assets/fonts/Lato-Bold.ttf"; sourceTree = "<group>"; };
		D9BF3A1C9D8844B3B1273A7B /* Montserrat-Thin.ttf */ = {isa = PBXFileReference; explicitFileType = undefined; fileEncoding = 9; includeInIndex = 0; lastKnownFileType = unknown; name = "Montserrat-Thin.ttf"; path = "../src/assets/fonts/Montserrat-Thin.ttf"; sourceTree = "<group>"; };
		DA469D6006BE5F44AF7613DD /* Pods-KitaplikApp-tvOS.debug.xcconfig */ = {isa = PBXFileReference; includeInIndex = 1; lastKnownFileType = text.xcconfig; name = "Pods-KitaplikApp-tvOS.debug.xcconfig"; path = "Target Support Files/Pods-KitaplikApp-tvOS/Pods-KitaplikApp-tvOS.debug.xcconfig"; sourceTree = "<group>"; };
		DBDE6DB60C724754B80CB23F /* Fontisto.ttf */ = {isa = PBXFileReference; explicitFileType = undefined; fileEncoding = 9; includeInIndex = 0; lastKnownFileType = unknown; name = Fontisto.ttf; path = "../node_modules/native-base/Fonts/Fontisto.ttf"; sourceTree = "<group>"; };
		E00B849E0DCF40928D8F8B79 /* Entypo.ttf */ = {isa = PBXFileReference; explicitFileType = undefined; fileEncoding = 9; includeInIndex = 0; lastKnownFileType = unknown; name = Entypo.ttf; path = "../node_modules/native-base/Fonts/Entypo.ttf"; sourceTree = "<group>"; };
		EAD00610B1D34318AB6DBC95 /* Roboto-MediumItalic.ttf */ = {isa = PBXFileReference; explicitFileType = undefined; fileEncoding = 9; includeInIndex = 0; lastKnownFileType = unknown; name = "Roboto-MediumItalic.ttf"; path = "../src/assets/fonts/Roboto-MediumItalic.ttf"; sourceTree = "<group>"; };
		ED297162215061F000B7C4FE /* JavaScriptCore.framework */ = {isa = PBXFileReference; lastKnownFileType = wrapper.framework; name = JavaScriptCore.framework; path = System/Library/Frameworks/JavaScriptCore.framework; sourceTree = SDKROOT; };
		ED2971642150620600B7C4FE /* JavaScriptCore.framework */ = {isa = PBXFileReference; lastKnownFileType = wrapper.framework; name = JavaScriptCore.framework; path = Platforms/AppleTVOS.platform/Developer/SDKs/AppleTVOS12.0.sdk/System/Library/Frameworks/JavaScriptCore.framework; sourceTree = DEVELOPER_DIR; };
		EFEC611AABC94009B610595F /* Roboto-LightItalic.ttf */ = {isa = PBXFileReference; explicitFileType = undefined; fileEncoding = 9; includeInIndex = 0; lastKnownFileType = unknown; name = "Roboto-LightItalic.ttf"; path = "../src/assets/fonts/Roboto-LightItalic.ttf"; sourceTree = "<group>"; };
		F1950ED29FD54D76B66AC1A9 /* Roboto-Light.ttf */ = {isa = PBXFileReference; explicitFileType = undefined; fileEncoding = 9; includeInIndex = 0; lastKnownFileType = unknown; name = "Roboto-Light.ttf"; path = "../src/assets/fonts/Roboto-Light.ttf"; sourceTree = "<group>"; };
		F54C262C77104FD2858041B0 /* Montserrat-ExtraLightItalic.ttf */ = {isa = PBXFileReference; explicitFileType = undefined; fileEncoding = 9; includeInIndex = 0; lastKnownFileType = unknown; name = "Montserrat-ExtraLightItalic.ttf"; path = "../src/assets/fonts/Montserrat-ExtraLightItalic.ttf"; sourceTree = "<group>"; };
		F71C7A245711428F9D823828 /* Raleway-Thin.ttf */ = {isa = PBXFileReference; explicitFileType = undefined; fileEncoding = 9; includeInIndex = 0; lastKnownFileType = unknown; name = "Raleway-Thin.ttf"; path = "../src/assets/fonts/Raleway-Thin.ttf"; sourceTree = "<group>"; };
		FAE12E06AFA349C59C43F93A /* FontAwesome5_Regular.ttf */ = {isa = PBXFileReference; explicitFileType = undefined; fileEncoding = 9; includeInIndex = 0; lastKnownFileType = unknown; name = FontAwesome5_Regular.ttf; path = "../node_modules/native-base/Fonts/FontAwesome5_Regular.ttf"; sourceTree = "<group>"; };
/* End PBXFileReference section */

/* Begin PBXFrameworksBuildPhase section */
		00E356EB1AD99517003FC87E /* Frameworks */ = {
			isa = PBXFrameworksBuildPhase;
			buildActionMask = 2147483647;
			files = (
				F31D73F88842BA7ECB16A696 /* libPods-KitaplikApp-KitaplikAppTests.a in Frameworks */,
			);
			runOnlyForDeploymentPostprocessing = 0;
		};
		13B07F8C1A680F5B00A75B9A /* Frameworks */ = {
			isa = PBXFrameworksBuildPhase;
			buildActionMask = 2147483647;
			files = (
				FA67D279AE8B8DCC0E9190C2 /* libPods-KitaplikApp.a in Frameworks */,
			);
			runOnlyForDeploymentPostprocessing = 0;
		};
/* End PBXFrameworksBuildPhase section */

/* Begin PBXGroup section */
		00E356EF1AD99517003FC87E /* KitaplikAppTests */ = {
			isa = PBXGroup;
			children = (
				00E356F21AD99517003FC87E /* KitaplikAppTests.m */,
				00E356F01AD99517003FC87E /* Supporting Files */,
			);
			path = KitaplikAppTests;
			sourceTree = "<group>";
		};
		00E356F01AD99517003FC87E /* Supporting Files */ = {
			isa = PBXGroup;
			children = (
				00E356F11AD99517003FC87E /* Info.plist */,
			);
			name = "Supporting Files";
			sourceTree = "<group>";
		};
		0946CFE7AEC44ACB8619F3E5 /* Resources */ = {
			isa = PBXGroup;
			children = (
				055FE66C243A44DC00A7B2E1 /* LICENSE.txt */,
				10FDC04E42BF478EA7C0FBD5 /* AntDesign.ttf */,
				E00B849E0DCF40928D8F8B79 /* Entypo.ttf */,
				D0911CFA311244C29E79DC63 /* EvilIcons.ttf */,
				3B8201655CBD47EB827C398F /* Feather.ttf */,
				6F25DAADF38B457A9DF07629 /* FontAwesome.ttf */,
				258B51130B9843D196C2F467 /* FontAwesome5_Brands.ttf */,
				FAE12E06AFA349C59C43F93A /* FontAwesome5_Regular.ttf */,
				0A3BE8E5B8AF4C628B0383AD /* FontAwesome5_Solid.ttf */,
				DBDE6DB60C724754B80CB23F /* Fontisto.ttf */,
				74FAC595BE19483CA8D4CC0F /* Foundation.ttf */,
				A5742091F3824F7689F0F8D0 /* Ionicons.ttf */,
				AB6BF677B39C4B39BC66EDA1 /* MaterialCommunityIcons.ttf */,
				7E68280DF61F4AB3ADC1475D /* MaterialIcons.ttf */,
				13EE1E38225C4F8B8B4A4B9C /* Octicons.ttf */,
				627599E62E1949A583C5F2AA /* Roboto_medium.ttf */,
				40392B0B632C4C3D8B254CA2 /* Roboto.ttf */,
				30CE9D06B9C5497AA58EE970 /* rubicon-icon-font.ttf */,
				56D2D1C75BD14D2D9A292E57 /* SimpleLineIcons.ttf */,
				5B34C3AE2200464FA92DEE70 /* Zocial.ttf */,
				65179C71863B4803A65267EE /* Montserrat-Black.ttf */,
				1F73692D389944F696BDFCA4 /* Montserrat-BlackItalic.ttf */,
				74FDED92D35749979FC7A181 /* Montserrat-Bold.ttf */,
				B0F0BAE388374A5BA3C83601 /* Montserrat-BoldItalic.ttf */,
				40DF3556ED9B4B6A810D7882 /* Montserrat-ExtraBold.ttf */,
				7C0EF7BD665A434CB059AEB0 /* Montserrat-ExtraBoldItalic.ttf */,
				848C983850C747DBBC380F2B /* Montserrat-ExtraLight.ttf */,
				F54C262C77104FD2858041B0 /* Montserrat-ExtraLightItalic.ttf */,
				AD314CEA757B4160AC384650 /* Montserrat-Italic.ttf */,
				AF6AD2EBB81A40D8B07B18CA /* Montserrat-Light.ttf */,
				04AB0C2A0A1E43D5B94D89C7 /* Montserrat-LightItalic.ttf */,
				043550C6E1E243109AFFAC4C /* Montserrat-Medium.ttf */,
				71DBD33750E441AFB6E40DFC /* Montserrat-MediumItalic.ttf */,
				20F5E83F42CF41FD88EB3DC1 /* Montserrat-Regular.ttf */,
				CFE259C8F07644ABAFDD4B46 /* Montserrat-SemiBold.ttf */,
				1ED16E9B88304E78A60B7A9A /* Montserrat-SemiBoldItalic.ttf */,
				D9BF3A1C9D8844B3B1273A7B /* Montserrat-Thin.ttf */,
				9A59E055E8E94AFBB6ADA54F /* Montserrat-ThinItalic.ttf */,
				61413695275F4FD0B40B54C9 /* Roboto-Black.ttf */,
				A066C37EFE434B3686733E20 /* Roboto-BlackItalic.ttf */,
				99B7CB47A22A43158B65D11A /* Roboto-Bold.ttf */,
				4DF2A2A0644F4C11A86FCFC0 /* Roboto-BoldItalic.ttf */,
				8061E44F44854281975FAEF3 /* Roboto-Italic.ttf */,
				F1950ED29FD54D76B66AC1A9 /* Roboto-Light.ttf */,
				EFEC611AABC94009B610595F /* Roboto-LightItalic.ttf */,
				872531A4141941F5B620973C /* Roboto-Medium.ttf */,
				EAD00610B1D34318AB6DBC95 /* Roboto-MediumItalic.ttf */,
				B8C57779C89648EA9B2E9D29 /* Roboto-Regular.ttf */,
				02071484C49C425FB3393448 /* Roboto-Thin.ttf */,
				13D16239CFE045F59D683B63 /* Roboto-ThinItalic.ttf */,
				3011F8AB2D24482BBCC5605D /* Andada-Regular.ttf */,
				D5CAF33C544D4B33816004AD /* Lato-Bold.ttf */,
				9945A541FCA849A9A67F6D02 /* Lato-Regular.ttf */,
				648FD9D73554485B80654F29 /* Lato-Thin.ttf */,
				771027E67CC24991A1D31E99 /* Lora-Bold.ttf */,
				6BA74EFAA2C04A1D80338A55 /* Lora-Medium.ttf */,
				38D54FD4654F4E9886C8063F /* Lora-Regular.ttf */,
				7CCC90864F72405993E12A9C /* Lora-SemiBold.ttf */,
				91B1008FF6B846208F84AF22 /* Raleway-Bold.ttf */,
				AA0F457272DB4BE8BDE491E7 /* Raleway-Light.ttf */,
				463652E3590A4072B29D629C /* Raleway-Medium.ttf */,
				68265AEA201D4CA7886761FA /* Raleway-Regular.ttf */,
				CD835D39CC5342C7B51E45BB /* Raleway-SemiBold.ttf */,
				F71C7A245711428F9D823828 /* Raleway-Thin.ttf */,
			);
			name = Resources;
			sourceTree = "<group>";
		};
		0ACA1A5143E2C13E8A2FA4A1 /* Pods */ = {
			isa = PBXGroup;
			children = (
				9E44F64A09D7B2AE94DD18A8 /* Pods-KitaplikApp.debug.xcconfig */,
				AB9F1D479CC21EF81F6F9F52 /* Pods-KitaplikApp.release.xcconfig */,
				37CF0EEFFC1CBBC34728BC83 /* Pods-KitaplikApp-KitaplikAppTests.debug.xcconfig */,
				516695DEBA8EE0CE523B711F /* Pods-KitaplikApp-KitaplikAppTests.release.xcconfig */,
				DA469D6006BE5F44AF7613DD /* Pods-KitaplikApp-tvOS.debug.xcconfig */,
				3B933C499A26E530E4B8F0DF /* Pods-KitaplikApp-tvOS.release.xcconfig */,
				098FDD8B49E3732D4C022475 /* Pods-KitaplikApp-tvOSTests.debug.xcconfig */,
				67B4B57C3C520A9D2987ABDE /* Pods-KitaplikApp-tvOSTests.release.xcconfig */,
			);
			path = Pods;
			sourceTree = "<group>";
		};
		13B07FAE1A68108700A75B9A /* KitaplikApp */ = {
			isa = PBXGroup;
			children = (
				055FE60E243A067A00A7B2E1 /* GoogleService-Info.plist */,
				008F07F21AC5B25A0029DE68 /* main.jsbundle */,
				13B07FAF1A68108700A75B9A /* AppDelegate.h */,
				13B07FB01A68108700A75B9A /* AppDelegate.m */,
				13B07FB51A68108700A75B9A /* Images.xcassets */,
				13B07FB61A68108700A75B9A /* Info.plist */,
				13B07FB11A68108700A75B9A /* LaunchScreen.xib */,
				13B07FB71A68108700A75B9A /* main.m */,
			);
			name = KitaplikApp;
			sourceTree = "<group>";
		};
		2D16E6871FA4F8E400B85C8A /* Frameworks */ = {
			isa = PBXGroup;
			children = (
				ED297162215061F000B7C4FE /* JavaScriptCore.framework */,
				ED2971642150620600B7C4FE /* JavaScriptCore.framework */,
				98A85F5014EA9C4552CCF0E7 /* libPods-KitaplikApp.a */,
				22A90B70EBEC5512E290E48C /* libPods-KitaplikApp-KitaplikAppTests.a */,
				140C433513712DBEB06AACC4 /* libPods-KitaplikApp-tvOS.a */,
				8FAE24D60EEB9D437EAAE1B9 /* libPods-KitaplikApp-tvOSTests.a */,
			);
			name = Frameworks;
			sourceTree = "<group>";
		};
		832341AE1AAA6A7D00B99B32 /* Libraries */ = {
			isa = PBXGroup;
			children = (
			);
			name = Libraries;
			sourceTree = "<group>";
		};
		83CBB9F61A601CBA00E9B192 = {
			isa = PBXGroup;
			children = (
				13B07FAE1A68108700A75B9A /* KitaplikApp */,
				832341AE1AAA6A7D00B99B32 /* Libraries */,
				00E356EF1AD99517003FC87E /* KitaplikAppTests */,
				83CBBA001A601CBA00E9B192 /* Products */,
				2D16E6871FA4F8E400B85C8A /* Frameworks */,
				0ACA1A5143E2C13E8A2FA4A1 /* Pods */,
				0946CFE7AEC44ACB8619F3E5 /* Resources */,
			);
			indentWidth = 2;
			sourceTree = "<group>";
			tabWidth = 2;
			usesTabs = 0;
		};
		83CBBA001A601CBA00E9B192 /* Products */ = {
			isa = PBXGroup;
			children = (
				13B07F961A680F5B00A75B9A /* KitaplikApp.app */,
				00E356EE1AD99517003FC87E /* KitaplikAppTests.xctest */,
			);
			name = Products;
			sourceTree = "<group>";
		};
/* End PBXGroup section */

/* Begin PBXNativeTarget section */
		00E356ED1AD99517003FC87E /* KitaplikAppTests */ = {
			isa = PBXNativeTarget;
			buildConfigurationList = 00E357021AD99517003FC87E /* Build configuration list for PBXNativeTarget "KitaplikAppTests" */;
			buildPhases = (
				709203997481F153617E9EAA /* [CP] Check Pods Manifest.lock */,
				00E356EA1AD99517003FC87E /* Sources */,
				00E356EB1AD99517003FC87E /* Frameworks */,
				00E356EC1AD99517003FC87E /* Resources */,
			);
			buildRules = (
			);
			dependencies = (
				00E356F51AD99517003FC87E /* PBXTargetDependency */,
			);
			name = KitaplikAppTests;
			productName = KitaplikAppTests;
			productReference = 00E356EE1AD99517003FC87E /* KitaplikAppTests.xctest */;
			productType = "com.apple.product-type.bundle.unit-test";
		};
		13B07F861A680F5B00A75B9A /* KitaplikApp */ = {
			isa = PBXNativeTarget;
			buildConfigurationList = 13B07F931A680F5B00A75B9A /* Build configuration list for PBXNativeTarget "KitaplikApp" */;
			buildPhases = (
				04DA07CA209A2F295B38C58A /* [CP] Check Pods Manifest.lock */,
				FD10A7F022414F080027D42C /* Start Packager */,
				13B07F871A680F5B00A75B9A /* Sources */,
				13B07F8C1A680F5B00A75B9A /* Frameworks */,
				13B07F8E1A680F5B00A75B9A /* Resources */,
				00DD1BFF1BD5951E006B06BC /* Bundle React Native code and images */,
				43BDA799B1B25FBD0B9A19E8 /* [CP-User] [RNFB] Core Configuration */,
			);
			buildRules = (
			);
			dependencies = (
			);
			name = KitaplikApp;
			productName = KitaplikApp;
			productReference = 13B07F961A680F5B00A75B9A /* KitaplikApp.app */;
			productType = "com.apple.product-type.application";
		};
/* End PBXNativeTarget section */

/* Begin PBXProject section */
		83CBB9F71A601CBA00E9B192 /* Project object */ = {
			isa = PBXProject;
			attributes = {
				LastUpgradeCheck = 1130;
				TargetAttributes = {
					00E356ED1AD99517003FC87E = {
						CreatedOnToolsVersion = 6.2;
						DevelopmentTeam = B7M35Y7QPT;
						TestTargetID = 13B07F861A680F5B00A75B9A;
					};
					13B07F861A680F5B00A75B9A = {
						DevelopmentTeam = B7M35Y7QPT;
						LastSwiftMigration = 1120;
					};
				};
			};
			buildConfigurationList = 83CBB9FA1A601CBA00E9B192 /* Build configuration list for PBXProject "KitaplikApp" */;
			compatibilityVersion = "Xcode 3.2";
			developmentRegion = en;
			hasScannedForEncodings = 0;
			knownRegions = (
				en,
				Base,
			);
			mainGroup = 83CBB9F61A601CBA00E9B192;
			productRefGroup = 83CBBA001A601CBA00E9B192 /* Products */;
			projectDirPath = "";
			projectRoot = "";
			targets = (
				13B07F861A680F5B00A75B9A /* KitaplikApp */,
				00E356ED1AD99517003FC87E /* KitaplikAppTests */,
			);
		};
/* End PBXProject section */

/* Begin PBXResourcesBuildPhase section */
		00E356EC1AD99517003FC87E /* Resources */ = {
			isa = PBXResourcesBuildPhase;
			buildActionMask = 2147483647;
			files = (
			);
			runOnlyForDeploymentPostprocessing = 0;
		};
		13B07F8E1A680F5B00A75B9A /* Resources */ = {
			isa = PBXResourcesBuildPhase;
			buildActionMask = 2147483647;
			files = (
				13B07FBF1A68108700A75B9A /* Images.xcassets in Resources */,
				13B07FBD1A68108700A75B9A /* LaunchScreen.xib in Resources */,
				055FE60F243A067A00A7B2E1 /* GoogleService-Info.plist in Resources */,
				FFCEFF726640491592083508 /* AntDesign.ttf in Resources */,
				B80600F1CD6849958AEE2077 /* Entypo.ttf in Resources */,
				39356163967C4E9DA0C2136D /* EvilIcons.ttf in Resources */,
				243E440E4D894D31B02FA329 /* Feather.ttf in Resources */,
				BBE0304E89D64705B34DA842 /* FontAwesome.ttf in Resources */,
				42652932AF5B4D66AA9B4A26 /* FontAwesome5_Brands.ttf in Resources */,
				FA40529652974D3FB1CD4725 /* FontAwesome5_Regular.ttf in Resources */,
				0C0BF94CDA8F4253892DEFFC /* FontAwesome5_Solid.ttf in Resources */,
				FEA4ADF7E3E845D5A45575A8 /* Fontisto.ttf in Resources */,
				DFD39132FAAC4AC4877E2465 /* Foundation.ttf in Resources */,
				2D773EC26CD140669AC823BF /* Ionicons.ttf in Resources */,
				659333C6DEB34846AD811D32 /* MaterialCommunityIcons.ttf in Resources */,
				20E1694CD3F4473D8D5E1F8A /* MaterialIcons.ttf in Resources */,
				0F114336A05248C999E73765 /* Octicons.ttf in Resources */,
				E84B7155A0E0438AACBBAA8B /* Roboto_medium.ttf in Resources */,
				6B0D55EB7F644A32BB5ABE4E /* Roboto.ttf in Resources */,
				863C1AF5F6C64E4AAA1B93CA /* rubicon-icon-font.ttf in Resources */,
				2C3179F54F8149C98E8D8B1C /* SimpleLineIcons.ttf in Resources */,
				2FF41C28008E45A28407931F /* Zocial.ttf in Resources */,
				037A6D356C614A2DBEF041CD /* Montserrat-Black.ttf in Resources */,
				0639589C56D64BA1ADD15980 /* Montserrat-BlackItalic.ttf in Resources */,
				C4E4832624994D5092E1827E /* Montserrat-Bold.ttf in Resources */,
				4C2075F74C154CAD946D4CE3 /* Montserrat-BoldItalic.ttf in Resources */,
				FC55C62B4FCA42D7A156BF87 /* Montserrat-ExtraBold.ttf in Resources */,
				B6810AF9610D4FD1B251F608 /* Montserrat-ExtraBoldItalic.ttf in Resources */,
				2BE4143BF7F043B392362F8A /* Montserrat-ExtraLight.ttf in Resources */,
				3B82C6359E1E490BA20A342F /* Montserrat-ExtraLightItalic.ttf in Resources */,
				69F99A8E50F84292883FB642 /* Montserrat-Italic.ttf in Resources */,
				92B1F57E52114B59A0010B1C /* Montserrat-Light.ttf in Resources */,
				A6BC9D7E1A62447EA3CF536E /* Montserrat-LightItalic.ttf in Resources */,
				951200F45BFD4E2BAB91F3F4 /* Montserrat-Medium.ttf in Resources */,
				1C23C2363EE54B85AB73659A /* Montserrat-MediumItalic.ttf in Resources */,
				BC325C54DB424DB3AF4C9F20 /* Montserrat-Regular.ttf in Resources */,
				FCF03D882D4B425CA909AB25 /* Montserrat-SemiBold.ttf in Resources */,
				ABADFF74E7B2468E888511DA /* Montserrat-SemiBoldItalic.ttf in Resources */,
				3F30089383BF4551B6466CA1 /* Montserrat-Thin.ttf in Resources */,
				FE7F1727ABCC494BAAE807F1 /* Montserrat-ThinItalic.ttf in Resources */,
				900B920870BF45EC8902A108 /* Roboto-Black.ttf in Resources */,
				60BF88623B804F24B3BBAB7C /* Roboto-BlackItalic.ttf in Resources */,
				FE04B6C0CC9D40D49DA4CA82 /* Roboto-Bold.ttf in Resources */,
				42782F644B5549EFA4F4817E /* Roboto-BoldItalic.ttf in Resources */,
				7C7A71FF49ED49758D4ACE43 /* Roboto-Italic.ttf in Resources */,
				14AB42C635F0423AAEE1D4F3 /* Roboto-Light.ttf in Resources */,
				3B56076F9D83465CB9B0B40B /* Roboto-LightItalic.ttf in Resources */,
				3A0CE93E7CA34CC9ACF06D82 /* Roboto-Medium.ttf in Resources */,
				89966A39944544A0896914ED /* Roboto-MediumItalic.ttf in Resources */,
				4B749855843A41FF83E73A0F /* Roboto-Regular.ttf in Resources */,
				6E4782CD787D4A3B9D028653 /* Roboto-Thin.ttf in Resources */,
				A07C84F624A84984A84FE527 /* Roboto-ThinItalic.ttf in Resources */,
				DD6F03EEC58F4BD9B7F1280C /* Andada-Regular.ttf in Resources */,
				DA66F71F6D03400AA7135F27 /* Lato-Bold.ttf in Resources */,
				C566B55684BF463B870738E6 /* Lato-Regular.ttf in Resources */,
				A742B27786B143B599B67599 /* Lato-Thin.ttf in Resources */,
				E510B2490A9140A4A7956014 /* Lora-Bold.ttf in Resources */,
				366073C950C1402FA7A57494 /* Lora-Medium.ttf in Resources */,
				2339CB4945694F1399EC8B43 /* Lora-Regular.ttf in Resources */,
				AD040E8644FF40D09E74CF79 /* Lora-SemiBold.ttf in Resources */,
				B807392ABE43497CB17B5185 /* Raleway-Bold.ttf in Resources */,
				C14FE191CA4C476C8F886AC1 /* Raleway-Light.ttf in Resources */,
				E0A12DE8863C4EDE9737B6A8 /* Raleway-Medium.ttf in Resources */,
				90C52F3674D047BA80FF1A4B /* Raleway-Regular.ttf in Resources */,
				F5EF0BEA8EAE46DF9D6CE8E9 /* Raleway-SemiBold.ttf in Resources */,
				6D8A08539098469FB8D87189 /* Raleway-Thin.ttf in Resources */,
			);
			runOnlyForDeploymentPostprocessing = 0;
		};
/* End PBXResourcesBuildPhase section */

/* Begin PBXShellScriptBuildPhase section */
		00DD1BFF1BD5951E006B06BC /* Bundle React Native code and images */ = {
			isa = PBXShellScriptBuildPhase;
			buildActionMask = 2147483647;
			files = (
			);
			inputPaths = (
			);
			name = "Bundle React Native code and images";
			outputPaths = (
			);
			runOnlyForDeploymentPostprocessing = 0;
			shellPath = /bin/sh;
			shellScript = "export NODE_BINARY=node\n../node_modules/react-native/scripts/react-native-xcode.sh";
		};
		04DA07CA209A2F295B38C58A /* [CP] Check Pods Manifest.lock */ = {
			isa = PBXShellScriptBuildPhase;
			buildActionMask = 2147483647;
			files = (
			);
			inputFileListPaths = (
			);
			inputPaths = (
				"${PODS_PODFILE_DIR_PATH}/Podfile.lock",
				"${PODS_ROOT}/Manifest.lock",
			);
			name = "[CP] Check Pods Manifest.lock";
			outputFileListPaths = (
			);
			outputPaths = (
				"$(DERIVED_FILE_DIR)/Pods-KitaplikApp-checkManifestLockResult.txt",
			);
			runOnlyForDeploymentPostprocessing = 0;
			shellPath = /bin/sh;
			shellScript = "diff \"${PODS_PODFILE_DIR_PATH}/Podfile.lock\" \"${PODS_ROOT}/Manifest.lock\" > /dev/null\nif [ $? != 0 ] ; then\n    # print error to STDERR\n    echo \"error: The sandbox is not in sync with the Podfile.lock. Run 'pod install' or update your CocoaPods installation.\" >&2\n    exit 1\nfi\n# This output is used by Xcode 'outputs' to avoid re-running this script phase.\necho \"SUCCESS\" > \"${SCRIPT_OUTPUT_FILE_0}\"\n";
			showEnvVarsInLog = 0;
		};
		43BDA799B1B25FBD0B9A19E8 /* [CP-User] [RNFB] Core Configuration */ = {
			isa = PBXShellScriptBuildPhase;
			buildActionMask = 2147483647;
			files = (
			);
			name = "[CP-User] [RNFB] Core Configuration";
			runOnlyForDeploymentPostprocessing = 0;
			shellPath = /bin/sh;
			shellScript = "#!/usr/bin/env bash\n#\n# Copyright (c) 2016-present Invertase Limited & Contributors\n#\n# Licensed under the Apache License, Version 2.0 (the \"License\");\n# you may not use this library except in compliance with the License.\n# You may obtain a copy of the License at\n#\n#   http://www.apache.org/licenses/LICENSE-2.0\n#\n# Unless required by applicable law or agreed to in writing, software\n# distributed under the License is distributed on an \"AS IS\" BASIS,\n# WITHOUT WARRANTIES OR CONDITIONS OF ANY KIND, either express or implied.\n# See the License for the specific language governing permissions and\n# limitations under the License.\n#\nset -e\n\n_MAX_LOOKUPS=2;\n_SEARCH_RESULT=''\n_RN_ROOT_EXISTS=''\n_CURRENT_LOOKUPS=1\n_JSON_ROOT=\"'react-native'\"\n_JSON_FILE_NAME='firebase.json'\n_JSON_OUTPUT_BASE64='e30=' # { }\n_CURRENT_SEARCH_DIR=${PROJECT_DIR}\n_PLIST_BUDDY=/usr/libexec/PlistBuddy\n_TARGET_PLIST=\"${BUILT_PRODUCTS_DIR}/${INFOPLIST_PATH}\"\n_DSYM_PLIST=\"${DWARF_DSYM_FOLDER_PATH}/${DWARF_DSYM_FILE_NAME}/Contents/Info.plist\"\n\n# plist arrays\n_PLIST_ENTRY_KEYS=()\n_PLIST_ENTRY_TYPES=()\n_PLIST_ENTRY_VALUES=()\n\nfunction setPlistValue {\n  echo \"info:      setting plist entry '$1' of type '$2' in file '$4'\"\n  ${_PLIST_BUDDY} -c \"Add :$1 $2 '$3'\" $4 || echo \"info:      '$1' already exists\"\n}\n\nfunction getFirebaseJsonKeyValue () {\n  if [[ ${_RN_ROOT_EXISTS} ]]; then\n    ruby -e \"require 'rubygems';require 'json'; output=JSON.parse('$1'); puts output[$_JSON_ROOT]['$2']\"\n  else\n    echo \"\"\n  fi;\n}\n\nfunction jsonBoolToYesNo () {\n  if [[ $1 == \"false\" ]]; then\n    echo \"NO\"\n  elif [[ $1 == \"true\" ]]; then\n    echo \"YES\"\n  else echo \"NO\"\n  fi\n}\n\necho \"info: -> RNFB build script started\"\necho \"info: 1) Locating ${_JSON_FILE_NAME} file:\"\n\nif [[ -z ${_CURRENT_SEARCH_DIR} ]]; then\n  _CURRENT_SEARCH_DIR=$(pwd)\nfi;\n\nwhile true; do\n  _CURRENT_SEARCH_DIR=$(dirname \"$_CURRENT_SEARCH_DIR\")\n  if [[ \"$_CURRENT_SEARCH_DIR\" == \"/\" ]] || [[ ${_CURRENT_LOOKUPS} -gt ${_MAX_LOOKUPS} ]]; then break; fi;\n  echo \"info:      ($_CURRENT_LOOKUPS of $_MAX_LOOKUPS) Searching in '$_CURRENT_SEARCH_DIR' for a ${_JSON_FILE_NAME} file.\"\n  _SEARCH_RESULT=$(find \"$_CURRENT_SEARCH_DIR\" -maxdepth 2 -name ${_JSON_FILE_NAME} -print | head -n 1)\n  if [[ ${_SEARCH_RESULT} ]]; then\n    echo \"info:      ${_JSON_FILE_NAME} found at $_SEARCH_RESULT\"\n    break;\n  fi;\n  _CURRENT_LOOKUPS=$((_CURRENT_LOOKUPS+1))\ndone\n\nif [[ ${_SEARCH_RESULT} ]]; then\n  _JSON_OUTPUT_RAW=$(cat \"${_SEARCH_RESULT}\")\n  _RN_ROOT_EXISTS=$(ruby -e \"require 'rubygems';require 'json'; output=JSON.parse('$_JSON_OUTPUT_RAW'); puts output[$_JSON_ROOT]\" || echo '')\n\n  if [[ ${_RN_ROOT_EXISTS} ]]; then\n    _JSON_OUTPUT_BASE64=$(python -c 'import json,sys,base64;print(base64.b64encode(json.dumps(json.loads(open('\"'${_SEARCH_RESULT}'\"').read())['${_JSON_ROOT}'])))' || echo \"e30=\")\n  fi\n\n  _PLIST_ENTRY_KEYS+=(\"firebase_json_raw\")\n  _PLIST_ENTRY_TYPES+=(\"string\")\n  _PLIST_ENTRY_VALUES+=(\"$_JSON_OUTPUT_BASE64\")\n\n  # config.messaging_auto_init_enabled\n  _MESSAGING_AUTO_INIT=$(getFirebaseJsonKeyValue \"$_JSON_OUTPUT_RAW\" \"messaging_auto_init_enabled\")\n  if [[ $_MESSAGING_AUTO_INIT ]]; then\n    _PLIST_ENTRY_KEYS+=(\"FirebaseMessagingAutoInitEnabled\")\n    _PLIST_ENTRY_TYPES+=(\"bool\")\n    _PLIST_ENTRY_VALUES+=(\"$(jsonBoolToYesNo \"$_MESSAGING_AUTO_INIT\")\")\n  fi\n\n  # config.crashlytics_disable_auto_disabler - undocumented for now - mainly for debugging, document if becomes usful\n  _CRASHLYTICS_AUTO_DISABLE_ENABLED=$(getFirebaseJsonKeyValue \"$_JSON_OUTPUT_RAW\" \"crashlytics_disable_auto_disabler\")\n  if [[ $_CRASHLYTICS_AUTO_DISABLE_ENABLED == \"true\" ]]; then\n    echo \"Disabled Crashlytics auto disabler.\" # do nothing\n  else\n    _PLIST_ENTRY_KEYS+=(\"firebase_crashlytics_collection_enabled\")\n    _PLIST_ENTRY_TYPES+=(\"bool\")\n    _PLIST_ENTRY_VALUES+=(\"NO\")\n  fi\n\n  # config.admob_delay_app_measurement_init\n  _ADMOB_DELAY_APP_MEASUREMENT=$(getFirebaseJsonKeyValue \"$_JSON_OUTPUT_RAW\" \"admob_delay_app_measurement_init\")\n  if [[ $_ADMOB_DELAY_APP_MEASUREMENT == \"true\" ]]; then\n    _PLIST_ENTRY_KEYS+=(\"GADDelayAppMeasurementInit\")\n    _PLIST_ENTRY_TYPES+=(\"bool\")\n    _PLIST_ENTRY_VALUES+=(\"YES\")\n  fi\n\n  # config.admob_ios_app_id\n  _ADMOB_IOS_APP_ID=$(getFirebaseJsonKeyValue \"$_JSON_OUTPUT_RAW\" \"admob_ios_app_id\")\n  if [[ $_ADMOB_IOS_APP_ID ]]; then\n    _PLIST_ENTRY_KEYS+=(\"GADApplicationIdentifier\")\n    _PLIST_ENTRY_TYPES+=(\"string\")\n    _PLIST_ENTRY_VALUES+=(\"$_ADMOB_IOS_APP_ID\")\n  fi\nelse\n  _PLIST_ENTRY_KEYS+=(\"firebase_json_raw\")\n  _PLIST_ENTRY_TYPES+=(\"string\")\n  _PLIST_ENTRY_VALUES+=(\"$_JSON_OUTPUT_BASE64\")\n  echo \"warning:   A firebase.json file was not found, whilst this file is optional it is recommended to include it to configure firebase services in React Native Firebase.\"\nfi;\n\necho \"info: 2) Injecting Info.plist entries: \"\n\n# Log out the keys we're adding\nfor i in \"${!_PLIST_ENTRY_KEYS[@]}\"; do\n  echo \"    ->  $i) ${_PLIST_ENTRY_KEYS[$i]}\" \"${_PLIST_ENTRY_TYPES[$i]}\" \"${_PLIST_ENTRY_VALUES[$i]}\"\ndone\n\nfor plist in \"${_TARGET_PLIST}\" \"${_DSYM_PLIST}\" ; do\n  if [[ -f \"${plist}\" ]]; then\n\n    # paths with spaces break the call to setPlistValue. temporarily modify\n    # the shell internal field separator variable (IFS), which normally \n    # includes spaces, to consist only of line breaks\n    oldifs=$IFS\n    IFS=\"\n\"\n\n    for i in \"${!_PLIST_ENTRY_KEYS[@]}\"; do\n      setPlistValue \"${_PLIST_ENTRY_KEYS[$i]}\" \"${_PLIST_ENTRY_TYPES[$i]}\" \"${_PLIST_ENTRY_VALUES[$i]}\" \"${plist}\"\n    done\n\n    # restore the original internal field separator value\n    IFS=$oldifs\n  else\n    echo \"warning:   A Info.plist build output file was not found (${plist})\"\n  fi\ndone\n\necho \"info: <- RNFB build script finished\"\n\n";
		};
		709203997481F153617E9EAA /* [CP] Check Pods Manifest.lock */ = {
			isa = PBXShellScriptBuildPhase;
			buildActionMask = 2147483647;
			files = (
			);
			inputFileListPaths = (
			);
			inputPaths = (
				"${PODS_PODFILE_DIR_PATH}/Podfile.lock",
				"${PODS_ROOT}/Manifest.lock",
			);
			name = "[CP] Check Pods Manifest.lock";
			outputFileListPaths = (
			);
			outputPaths = (
				"$(DERIVED_FILE_DIR)/Pods-KitaplikApp-KitaplikAppTests-checkManifestLockResult.txt",
			);
			runOnlyForDeploymentPostprocessing = 0;
			shellPath = /bin/sh;
			shellScript = "diff \"${PODS_PODFILE_DIR_PATH}/Podfile.lock\" \"${PODS_ROOT}/Manifest.lock\" > /dev/null\nif [ $? != 0 ] ; then\n    # print error to STDERR\n    echo \"error: The sandbox is not in sync with the Podfile.lock. Run 'pod install' or update your CocoaPods installation.\" >&2\n    exit 1\nfi\n# This output is used by Xcode 'outputs' to avoid re-running this script phase.\necho \"SUCCESS\" > \"${SCRIPT_OUTPUT_FILE_0}\"\n";
			showEnvVarsInLog = 0;
		};
		FD10A7F022414F080027D42C /* Start Packager */ = {
			isa = PBXShellScriptBuildPhase;
			buildActionMask = 2147483647;
			files = (
			);
			inputFileListPaths = (
			);
			inputPaths = (
			);
			name = "Start Packager";
			outputFileListPaths = (
			);
			outputPaths = (
			);
			runOnlyForDeploymentPostprocessing = 0;
			shellPath = /bin/sh;
			shellScript = "export RCT_METRO_PORT=\"${RCT_METRO_PORT:=8081}\"\necho \"export RCT_METRO_PORT=${RCT_METRO_PORT}\" > \"${SRCROOT}/../node_modules/react-native/scripts/.packager.env\"\nif [ -z \"${RCT_NO_LAUNCH_PACKAGER+xxx}\" ] ; then\n  if nc -w 5 -z localhost ${RCT_METRO_PORT} ; then\n    if ! curl -s \"http://localhost:${RCT_METRO_PORT}/status\" | grep -q \"packager-status:running\" ; then\n      echo \"Port ${RCT_METRO_PORT} already in use, packager is either not running or not running correctly\"\n      exit 2\n    fi\n  else\n    open \"$SRCROOT/../node_modules/react-native/scripts/launchPackager.command\" || echo \"Can't start packager automatically\"\n  fi\nfi\n";
			showEnvVarsInLog = 0;
		};
/* End PBXShellScriptBuildPhase section */

/* Begin PBXSourcesBuildPhase section */
		00E356EA1AD99517003FC87E /* Sources */ = {
			isa = PBXSourcesBuildPhase;
			buildActionMask = 2147483647;
			files = (
				00E356F31AD99517003FC87E /* KitaplikAppTests.m in Sources */,
			);
			runOnlyForDeploymentPostprocessing = 0;
		};
		13B07F871A680F5B00A75B9A /* Sources */ = {
			isa = PBXSourcesBuildPhase;
			buildActionMask = 2147483647;
			files = (
				13B07FBC1A68108700A75B9A /* AppDelegate.m in Sources */,
				13B07FC11A68108700A75B9A /* main.m in Sources */,
			);
			runOnlyForDeploymentPostprocessing = 0;
		};
/* End PBXSourcesBuildPhase section */

/* Begin PBXTargetDependency section */
		00E356F51AD99517003FC87E /* PBXTargetDependency */ = {
			isa = PBXTargetDependency;
			target = 13B07F861A680F5B00A75B9A /* KitaplikApp */;
			targetProxy = 00E356F41AD99517003FC87E /* PBXContainerItemProxy */;
		};
/* End PBXTargetDependency section */

/* Begin PBXVariantGroup section */
		13B07FB11A68108700A75B9A /* LaunchScreen.xib */ = {
			isa = PBXVariantGroup;
			children = (
				13B07FB21A68108700A75B9A /* Base */,
			);
			name = LaunchScreen.xib;
			path = KitaplikApp;
			sourceTree = "<group>";
		};
/* End PBXVariantGroup section */

/* Begin XCBuildConfiguration section */
		00E356F61AD99517003FC87E /* Debug */ = {
			isa = XCBuildConfiguration;
			baseConfigurationReference = 37CF0EEFFC1CBBC34728BC83 /* Pods-KitaplikApp-KitaplikAppTests.debug.xcconfig */;
			buildSettings = {
				BUNDLE_LOADER = "$(TEST_HOST)";
				DEVELOPMENT_TEAM = B7M35Y7QPT;
				GCC_PREPROCESSOR_DEFINITIONS = (
					"DEBUG=1",
					"$(inherited)",
				);
				INFOPLIST_FILE = KitaplikAppTests/Info.plist;
				IPHONEOS_DEPLOYMENT_TARGET = 9.0;
				LD_RUNPATH_SEARCH_PATHS = "$(inherited) @executable_path/Frameworks @loader_path/Frameworks";
				OTHER_LDFLAGS = (
					"-ObjC",
					"-lc++",
					"$(inherited)",
				);
				PRODUCT_BUNDLE_IDENTIFIER = "org.reactjs.native.example.$(PRODUCT_NAME:rfc1034identifier)";
				PRODUCT_NAME = "$(TARGET_NAME)";
				TEST_HOST = "$(BUILT_PRODUCTS_DIR)/KitaplikApp.app/KitaplikApp";
			};
			name = Debug;
		};
		00E356F71AD99517003FC87E /* Release */ = {
			isa = XCBuildConfiguration;
			baseConfigurationReference = 516695DEBA8EE0CE523B711F /* Pods-KitaplikApp-KitaplikAppTests.release.xcconfig */;
			buildSettings = {
				BUNDLE_LOADER = "$(TEST_HOST)";
				COPY_PHASE_STRIP = NO;
				DEVELOPMENT_TEAM = B7M35Y7QPT;
				INFOPLIST_FILE = KitaplikAppTests/Info.plist;
				IPHONEOS_DEPLOYMENT_TARGET = 9.0;
				LD_RUNPATH_SEARCH_PATHS = "$(inherited) @executable_path/Frameworks @loader_path/Frameworks";
				OTHER_LDFLAGS = (
					"-ObjC",
					"-lc++",
					"$(inherited)",
				);
				PRODUCT_BUNDLE_IDENTIFIER = "org.reactjs.native.example.$(PRODUCT_NAME:rfc1034identifier)";
				PRODUCT_NAME = "$(TARGET_NAME)";
				TEST_HOST = "$(BUILT_PRODUCTS_DIR)/KitaplikApp.app/KitaplikApp";
			};
			name = Release;
		};
		13B07F941A680F5B00A75B9A /* Debug */ = {
			isa = XCBuildConfiguration;
			baseConfigurationReference = 9E44F64A09D7B2AE94DD18A8 /* Pods-KitaplikApp.debug.xcconfig */;
			buildSettings = {
				ASSETCATALOG_COMPILER_APPICON_NAME = AppIcon;
				CLANG_ENABLE_MODULES = YES;
				CURRENT_PROJECT_VERSION = 1;
				DEVELOPMENT_TEAM = B7M35Y7QPT;
				ENABLE_BITCODE = NO;
				GCC_PREPROCESSOR_DEFINITIONS = (
					"$(inherited)",
					"FB_SONARKIT_ENABLED=1",
				);
				INFOPLIST_FILE = KitaplikApp/Info.plist;
				LD_RUNPATH_SEARCH_PATHS = "$(inherited) @executable_path/Frameworks";
				OTHER_LDFLAGS = (
					"$(inherited)",
					"-ObjC",
					"-lc++",
				);
				PRODUCT_BUNDLE_IDENTIFIER = com.KitaplikApp;
				PRODUCT_NAME = KitaplikApp;
				SWIFT_OPTIMIZATION_LEVEL = "-Onone";
				SWIFT_VERSION = 5.0;
				VERSIONING_SYSTEM = "apple-generic";
			};
			name = Debug;
		};
		13B07F951A680F5B00A75B9A /* Release */ = {
			isa = XCBuildConfiguration;
			baseConfigurationReference = AB9F1D479CC21EF81F6F9F52 /* Pods-KitaplikApp.release.xcconfig */;
			buildSettings = {
				ASSETCATALOG_COMPILER_APPICON_NAME = AppIcon;
				CLANG_ENABLE_MODULES = YES;
				CURRENT_PROJECT_VERSION = 1;
				DEVELOPMENT_TEAM = B7M35Y7QPT;
				INFOPLIST_FILE = KitaplikApp/Info.plist;
				LD_RUNPATH_SEARCH_PATHS = "$(inherited) @executable_path/Frameworks";
				OTHER_LDFLAGS = (
					"$(inherited)",
					"-ObjC",
					"-lc++",
				);
				PRODUCT_BUNDLE_IDENTIFIER = com.KitaplikApp;
				PRODUCT_NAME = KitaplikApp;
				SWIFT_VERSION = 5.0;
				VERSIONING_SYSTEM = "apple-generic";
			};
			name = Release;
		};
		83CBBA201A601CBA00E9B192 /* Debug */ = {
			isa = XCBuildConfiguration;
			buildSettings = {
				ALWAYS_SEARCH_USER_PATHS = NO;
				CLANG_ANALYZER_LOCALIZABILITY_NONLOCALIZED = YES;
				CLANG_CXX_LANGUAGE_STANDARD = "gnu++0x";
				CLANG_CXX_LIBRARY = "libc++";
				CLANG_ENABLE_MODULES = YES;
				CLANG_ENABLE_OBJC_ARC = YES;
				CLANG_WARN_BLOCK_CAPTURE_AUTORELEASING = YES;
				CLANG_WARN_BOOL_CONVERSION = YES;
				CLANG_WARN_COMMA = YES;
				CLANG_WARN_CONSTANT_CONVERSION = YES;
				CLANG_WARN_DEPRECATED_OBJC_IMPLEMENTATIONS = YES;
				CLANG_WARN_DIRECT_OBJC_ISA_USAGE = YES_ERROR;
				CLANG_WARN_EMPTY_BODY = YES;
				CLANG_WARN_ENUM_CONVERSION = YES;
				CLANG_WARN_INFINITE_RECURSION = YES;
				CLANG_WARN_INT_CONVERSION = YES;
				CLANG_WARN_NON_LITERAL_NULL_CONVERSION = YES;
				CLANG_WARN_OBJC_IMPLICIT_RETAIN_SELF = YES;
				CLANG_WARN_OBJC_LITERAL_CONVERSION = YES;
				CLANG_WARN_OBJC_ROOT_CLASS = YES_ERROR;
				CLANG_WARN_RANGE_LOOP_ANALYSIS = YES;
				CLANG_WARN_STRICT_PROTOTYPES = YES;
				CLANG_WARN_SUSPICIOUS_MOVE = YES;
				CLANG_WARN_UNREACHABLE_CODE = YES;
				CLANG_WARN__DUPLICATE_METHOD_MATCH = YES;
				"CODE_SIGN_IDENTITY[sdk=iphoneos*]" = "iPhone Developer";
				COPY_PHASE_STRIP = NO;
				ENABLE_STRICT_OBJC_MSGSEND = YES;
				ENABLE_TESTABILITY = YES;
				GCC_C_LANGUAGE_STANDARD = gnu99;
				GCC_DYNAMIC_NO_PIC = NO;
				GCC_NO_COMMON_BLOCKS = YES;
				GCC_OPTIMIZATION_LEVEL = 0;
				GCC_PREPROCESSOR_DEFINITIONS = (
					"DEBUG=1",
					"$(inherited)",
				);
				GCC_SYMBOLS_PRIVATE_EXTERN = NO;
				GCC_WARN_64_TO_32_BIT_CONVERSION = YES;
				GCC_WARN_ABOUT_RETURN_TYPE = YES_ERROR;
				GCC_WARN_UNDECLARED_SELECTOR = YES;
				GCC_WARN_UNINITIALIZED_AUTOS = YES_AGGRESSIVE;
				GCC_WARN_UNUSED_FUNCTION = YES;
				GCC_WARN_UNUSED_VARIABLE = YES;
				IPHONEOS_DEPLOYMENT_TARGET = 9.0;
				LD_RUNPATH_SEARCH_PATHS = "/usr/lib/swift $(inherited)";
				LIBRARY_SEARCH_PATHS = (
					"\"$(TOOLCHAIN_DIR)/usr/lib/swift/$(PLATFORM_NAME)\"",
					"\"$(TOOLCHAIN_DIR)/usr/lib/swift-5.0/$(PLATFORM_NAME)\"",
					"\"$(inherited)\"",
				);
				MTL_ENABLE_DEBUG_INFO = YES;
				ONLY_ACTIVE_ARCH = YES;
				SDKROOT = iphoneos;
			};
			name = Debug;
		};
		83CBBA211A601CBA00E9B192 /* Release */ = {
			isa = XCBuildConfiguration;
			buildSettings = {
				ALWAYS_SEARCH_USER_PATHS = NO;
				CLANG_ANALYZER_LOCALIZABILITY_NONLOCALIZED = YES;
				CLANG_CXX_LANGUAGE_STANDARD = "gnu++0x";
				CLANG_CXX_LIBRARY = "libc++";
				CLANG_ENABLE_MODULES = YES;
				CLANG_ENABLE_OBJC_ARC = YES;
				CLANG_WARN_BLOCK_CAPTURE_AUTORELEASING = YES;
				CLANG_WARN_BOOL_CONVERSION = YES;
				CLANG_WARN_COMMA = YES;
				CLANG_WARN_CONSTANT_CONVERSION = YES;
				CLANG_WARN_DEPRECATED_OBJC_IMPLEMENTATIONS = YES;
				CLANG_WARN_DIRECT_OBJC_ISA_USAGE = YES_ERROR;
				CLANG_WARN_EMPTY_BODY = YES;
				CLANG_WARN_ENUM_CONVERSION = YES;
				CLANG_WARN_INFINITE_RECURSION = YES;
				CLANG_WARN_INT_CONVERSION = YES;
				CLANG_WARN_NON_LITERAL_NULL_CONVERSION = YES;
				CLANG_WARN_OBJC_IMPLICIT_RETAIN_SELF = YES;
				CLANG_WARN_OBJC_LITERAL_CONVERSION = YES;
				CLANG_WARN_OBJC_ROOT_CLASS = YES_ERROR;
				CLANG_WARN_RANGE_LOOP_ANALYSIS = YES;
				CLANG_WARN_STRICT_PROTOTYPES = YES;
				CLANG_WARN_SUSPICIOUS_MOVE = YES;
				CLANG_WARN_UNREACHABLE_CODE = YES;
				CLANG_WARN__DUPLICATE_METHOD_MATCH = YES;
				"CODE_SIGN_IDENTITY[sdk=iphoneos*]" = "iPhone Developer";
				COPY_PHASE_STRIP = YES;
				ENABLE_NS_ASSERTIONS = NO;
				ENABLE_STRICT_OBJC_MSGSEND = YES;
				GCC_C_LANGUAGE_STANDARD = gnu99;
				GCC_NO_COMMON_BLOCKS = YES;
				GCC_WARN_64_TO_32_BIT_CONVERSION = YES;
				GCC_WARN_ABOUT_RETURN_TYPE = YES_ERROR;
				GCC_WARN_UNDECLARED_SELECTOR = YES;
				GCC_WARN_UNINITIALIZED_AUTOS = YES_AGGRESSIVE;
				GCC_WARN_UNUSED_FUNCTION = YES;
				GCC_WARN_UNUSED_VARIABLE = YES;
				IPHONEOS_DEPLOYMENT_TARGET = 9.0;
				LD_RUNPATH_SEARCH_PATHS = "/usr/lib/swift $(inherited)";
				LIBRARY_SEARCH_PATHS = (
					"\"$(TOOLCHAIN_DIR)/usr/lib/swift/$(PLATFORM_NAME)\"",
					"\"$(TOOLCHAIN_DIR)/usr/lib/swift-5.0/$(PLATFORM_NAME)\"",
					"\"$(inherited)\"",
				);
				MTL_ENABLE_DEBUG_INFO = NO;
				SDKROOT = iphoneos;
				VALIDATE_PRODUCT = YES;
			};
			name = Release;
		};
/* End XCBuildConfiguration section */

/* Begin XCConfigurationList section */
		00E357021AD99517003FC87E /* Build configuration list for PBXNativeTarget "KitaplikAppTests" */ = {
			isa = XCConfigurationList;
			buildConfigurations = (
				00E356F61AD99517003FC87E /* Debug */,
				00E356F71AD99517003FC87E /* Release */,
			);
			defaultConfigurationIsVisible = 0;
			defaultConfigurationName = Release;
		};
		13B07F931A680F5B00A75B9A /* Build configuration list for PBXNativeTarget "KitaplikApp" */ = {
			isa = XCConfigurationList;
			buildConfigurations = (
				13B07F941A680F5B00A75B9A /* Debug */,
				13B07F951A680F5B00A75B9A /* Release */,
			);
			defaultConfigurationIsVisible = 0;
			defaultConfigurationName = Release;
		};
		83CBB9FA1A601CBA00E9B192 /* Build configuration list for PBXProject "KitaplikApp" */ = {
			isa = XCConfigurationList;
			buildConfigurations = (
				83CBBA201A601CBA00E9B192 /* Debug */,
				83CBBA211A601CBA00E9B192 /* Release */,
			);
			defaultConfigurationIsVisible = 0;
			defaultConfigurationName = Release;
		};
/* End XCConfigurationList section */
	};
	rootObject = 83CBB9F71A601CBA00E9B192 /* Project object */;
}
